// !$*UTF8*$!
{
	archiveVersion = 1;
	classes = {
	};
	objectVersion = 46;
	objects = {

/* Begin PBXBuildFile section */
		00AA76391883D682006B7A86 /* Foundation.framework in Frameworks */ = {isa = PBXBuildFile; fileRef = 00AA76381883D682006B7A86 /* Foundation.framework */; };
		00AA763B1883D682006B7A86 /* CoreGraphics.framework in Frameworks */ = {isa = PBXBuildFile; fileRef = 00AA763A1883D682006B7A86 /* CoreGraphics.framework */; };
		00AA763D1883D682006B7A86 /* UIKit.framework in Frameworks */ = {isa = PBXBuildFile; fileRef = 00AA763C1883D682006B7A86 /* UIKit.framework */; };
		00AA76431883D682006B7A86 /* InfoPlist.strings in Resources */ = {isa = PBXBuildFile; fileRef = 00AA76411883D682006B7A86 /* InfoPlist.strings */; };
		00AA76451883D682006B7A86 /* main.m in Sources */ = {isa = PBXBuildFile; fileRef = 00AA76441883D682006B7A86 /* main.m */; };
		00AA76491883D682006B7A86 /* AppDelegate.m in Sources */ = {isa = PBXBuildFile; fileRef = 00AA76481883D682006B7A86 /* AppDelegate.m */; };
		00AA764C1883D682006B7A86 /* Main.storyboard in Resources */ = {isa = PBXBuildFile; fileRef = 00AA764A1883D682006B7A86 /* Main.storyboard */; };
		00AA764F1883D682006B7A86 /* ViewController.m in Sources */ = {isa = PBXBuildFile; fileRef = 00AA764E1883D682006B7A86 /* ViewController.m */; };
		00AA76511883D682006B7A86 /* Images.xcassets in Resources */ = {isa = PBXBuildFile; fileRef = 00AA76501883D682006B7A86 /* Images.xcassets */; };
		00AA76581883D682006B7A86 /* XCTest.framework in Frameworks */ = {isa = PBXBuildFile; fileRef = 00AA76571883D682006B7A86 /* XCTest.framework */; };
		00AA76591883D682006B7A86 /* Foundation.framework in Frameworks */ = {isa = PBXBuildFile; fileRef = 00AA76381883D682006B7A86 /* Foundation.framework */; };
		00AA765A1883D682006B7A86 /* UIKit.framework in Frameworks */ = {isa = PBXBuildFile; fileRef = 00AA763C1883D682006B7A86 /* UIKit.framework */; };
		00AA76621883D682006B7A86 /* InfoPlist.strings in Resources */ = {isa = PBXBuildFile; fileRef = 00AA76601883D682006B7A86 /* InfoPlist.strings */; };
		00AA76641883D682006B7A86 /* DbTableTestTests.m in Sources */ = {isa = PBXBuildFile; fileRef = 00AA76631883D682006B7A86 /* DbTableTestTests.m */; };
		00AA766F1883D6E6006B7A86 /* Movie.m in Sources */ = {isa = PBXBuildFile; fileRef = 00AA766E1883D6E6006B7A86 /* Movie.m */; };
		00AA76711883E0C5006B7A86 /* libsqlite3.dylib in Frameworks */ = {isa = PBXBuildFile; fileRef = 00AA76701883E0C5006B7A86 /* libsqlite3.dylib */; };
		00AA76731883E844006B7A86 /* db.sqlite in Resources */ = {isa = PBXBuildFile; fileRef = 00AA76721883E844006B7A86 /* db.sqlite */; };
/* End PBXBuildFile section */

/* Begin PBXContainerItemProxy section */
		00AA765B1883D682006B7A86 /* PBXContainerItemProxy */ = {
			isa = PBXContainerItemProxy;
			containerPortal = 00AA762D1883D682006B7A86 /* Project object */;
			proxyType = 1;
			remoteGlobalIDString = 00AA76341883D682006B7A86;
			remoteInfo = DbTableTest;
		};
/* End PBXContainerItemProxy section */

/* Begin PBXFileReference section */
		00AA76351883D682006B7A86 /* DbTableTest.app */ = {isa = PBXFileReference; explicitFileType = wrapper.application; includeInIndex = 0; path = DbTableTest.app; sourceTree = BUILT_PRODUCTS_DIR; };
		00AA76381883D682006B7A86 /* Foundation.framework */ = {isa = PBXFileReference; lastKnownFileType = wrapper.framework; name = Foundation.framework; path = System/Library/Frameworks/Foundation.framework; sourceTree = SDKROOT; };
		00AA763A1883D682006B7A86 /* CoreGraphics.framework */ = {isa = PBXFileReference; lastKnownFileType = wrapper.framework; name = CoreGraphics.framework; path = System/Library/Frameworks/CoreGraphics.framework; sourceTree = SDKROOT; };
		00AA763C1883D682006B7A86 /* UIKit.framework */ = {isa = PBXFileReference; lastKnownFileType = wrapper.framework; name = UIKit.framework; path = System/Library/Frameworks/UIKit.framework; sourceTree = SDKROOT; };
		00AA76401883D682006B7A86 /* DbTableTest-Info.plist */ = {isa = PBXFileReference; lastKnownFileType = text.plist.xml; path = "DbTableTest-Info.plist"; sourceTree = "<group>"; };
		00AA76421883D682006B7A86 /* en */ = {isa = PBXFileReference; lastKnownFileType = text.plist.strings; name = en; path = en.lproj/InfoPlist.strings; sourceTree = "<group>"; };
		00AA76441883D682006B7A86 /* main.m */ = {isa = PBXFileReference; lastKnownFileType = sourcecode.c.objc; path = main.m; sourceTree = "<group>"; };
		00AA76461883D682006B7A86 /* DbTableTest-Prefix.pch */ = {isa = PBXFileReference; lastKnownFileType = sourcecode.c.h; path = "DbTableTest-Prefix.pch"; sourceTree = "<group>"; };
		00AA76471883D682006B7A86 /* AppDelegate.h */ = {isa = PBXFileReference; lastKnownFileType = sourcecode.c.h; path = AppDelegate.h; sourceTree = "<group>"; };
		00AA76481883D682006B7A86 /* AppDelegate.m */ = {isa = PBXFileReference; lastKnownFileType = sourcecode.c.objc; path = AppDelegate.m; sourceTree = "<group>"; };
		00AA764B1883D682006B7A86 /* Base */ = {isa = PBXFileReference; lastKnownFileType = file.storyboard; name = Base; path = Base.lproj/Main.storyboard; sourceTree = "<group>"; };
		00AA764D1883D682006B7A86 /* ViewController.h */ = {isa = PBXFileReference; lastKnownFileType = sourcecode.c.h; path = ViewController.h; sourceTree = "<group>"; };
		00AA764E1883D682006B7A86 /* ViewController.m */ = {isa = PBXFileReference; lastKnownFileType = sourcecode.c.objc; path = ViewController.m; sourceTree = "<group>"; };
		00AA76501883D682006B7A86 /* Images.xcassets */ = {isa = PBXFileReference; lastKnownFileType = folder.assetcatalog; path = Images.xcassets; sourceTree = "<group>"; };
		00AA76561883D682006B7A86 /* DbTableTestTests.xctest */ = {isa = PBXFileReference; explicitFileType = wrapper.cfbundle; includeInIndex = 0; path = DbTableTestTests.xctest; sourceTree = BUILT_PRODUCTS_DIR; };
		00AA76571883D682006B7A86 /* XCTest.framework */ = {isa = PBXFileReference; lastKnownFileType = wrapper.framework; name = XCTest.framework; path = Library/Frameworks/XCTest.framework; sourceTree = DEVELOPER_DIR; };
		00AA765F1883D682006B7A86 /* DbTableTestTests-Info.plist */ = {isa = PBXFileReference; lastKnownFileType = text.plist.xml; path = "DbTableTestTests-Info.plist"; sourceTree = "<group>"; };
		00AA76611883D682006B7A86 /* en */ = {isa = PBXFileReference; lastKnownFileType = text.plist.strings; name = en; path = en.lproj/InfoPlist.strings; sourceTree = "<group>"; };
		00AA76631883D682006B7A86 /* DbTableTestTests.m */ = {isa = PBXFileReference; lastKnownFileType = sourcecode.c.objc; path = DbTableTestTests.m; sourceTree = "<group>"; };
		00AA766D1883D6E6006B7A86 /* Movie.h */ = {isa = PBXFileReference; fileEncoding = 4; lastKnownFileType = sourcecode.c.h; path = Movie.h; sourceTree = "<group>"; };
		00AA766E1883D6E6006B7A86 /* Movie.m */ = {isa = PBXFileReference; fileEncoding = 4; lastKnownFileType = sourcecode.c.objc; path = Movie.m; sourceTree = "<group>"; };
		00AA76701883E0C5006B7A86 /* libsqlite3.dylib */ = {isa = PBXFileReference; lastKnownFileType = "compiled.mach-o.dylib"; name = libsqlite3.dylib; path = usr/lib/libsqlite3.dylib; sourceTree = SDKROOT; };
		00AA76721883E844006B7A86 /* db.sqlite */ = {isa = PBXFileReference; lastKnownFileType = file; path = db.sqlite; sourceTree = "<group>"; };
/* End PBXFileReference section */

/* Begin PBXFrameworksBuildPhase section */
		00AA76321883D682006B7A86 /* Frameworks */ = {
			isa = PBXFrameworksBuildPhase;
			buildActionMask = 2147483647;
			files = (
				00AA76711883E0C5006B7A86 /* libsqlite3.dylib in Frameworks */,
				00AA763B1883D682006B7A86 /* CoreGraphics.framework in Frameworks */,
				00AA763D1883D682006B7A86 /* UIKit.framework in Frameworks */,
				00AA76391883D682006B7A86 /* Foundation.framework in Frameworks */,
			);
			runOnlyForDeploymentPostprocessing = 0;
		};
		00AA76531883D682006B7A86 /* Frameworks */ = {
			isa = PBXFrameworksBuildPhase;
			buildActionMask = 2147483647;
			files = (
				00AA76581883D682006B7A86 /* XCTest.framework in Frameworks */,
				00AA765A1883D682006B7A86 /* UIKit.framework in Frameworks */,
				00AA76591883D682006B7A86 /* Foundation.framework in Frameworks */,
			);
			runOnlyForDeploymentPostprocessing = 0;
		};
/* End PBXFrameworksBuildPhase section */

/* Begin PBXGroup section */
		00AA762C1883D682006B7A86 = {
			isa = PBXGroup;
			children = (
				00AA763E1883D682006B7A86 /* DbTableTest */,
				00AA765D1883D682006B7A86 /* DbTableTestTests */,
				00AA76371883D682006B7A86 /* Frameworks */,
				00AA76361883D682006B7A86 /* Products */,
			);
			sourceTree = "<group>";
		};
		00AA76361883D682006B7A86 /* Products */ = {
			isa = PBXGroup;
			children = (
				00AA76351883D682006B7A86 /* DbTableTest.app */,
				00AA76561883D682006B7A86 /* DbTableTestTests.xctest */,
			);
			name = Products;
			sourceTree = "<group>";
		};
		00AA76371883D682006B7A86 /* Frameworks */ = {
			isa = PBXGroup;
			children = (
				00AA76701883E0C5006B7A86 /* libsqlite3.dylib */,
				00AA76381883D682006B7A86 /* Foundation.framework */,
				00AA763A1883D682006B7A86 /* CoreGraphics.framework */,
				00AA763C1883D682006B7A86 /* UIKit.framework */,
				00AA76571883D682006B7A86 /* XCTest.framework */,
			);
			name = Frameworks;
			sourceTree = "<group>";
		};
		00AA763E1883D682006B7A86 /* DbTableTest */ = {
			isa = PBXGroup;
			children = (
				00AA76721883E844006B7A86 /* db.sqlite */,
				00AA76471883D682006B7A86 /* AppDelegate.h */,
				00AA76481883D682006B7A86 /* AppDelegate.m */,
				00AA764A1883D682006B7A86 /* Main.storyboard */,
				00AA764D1883D682006B7A86 /* ViewController.h */,
				00AA764E1883D682006B7A86 /* ViewController.m */,
				00AA76501883D682006B7A86 /* Images.xcassets */,
				00AA763F1883D682006B7A86 /* Supporting Files */,
				00AA766D1883D6E6006B7A86 /* Movie.h */,
				00AA766E1883D6E6006B7A86 /* Movie.m */,
			);
			path = DbTableTest;
			sourceTree = "<group>";
		};
		00AA763F1883D682006B7A86 /* Supporting Files */ = {
			isa = PBXGroup;
			children = (
				00AA76401883D682006B7A86 /* DbTableTest-Info.plist */,
				00AA76411883D682006B7A86 /* InfoPlist.strings */,
				00AA76441883D682006B7A86 /* main.m */,
				00AA76461883D682006B7A86 /* DbTableTest-Prefix.pch */,
			);
			name = "Supporting Files";
			sourceTree = "<group>";
		};
		00AA765D1883D682006B7A86 /* DbTableTestTests */ = {
			isa = PBXGroup;
			children = (
				00AA76631883D682006B7A86 /* DbTableTestTests.m */,
				00AA765E1883D682006B7A86 /* Supporting Files */,
			);
			path = DbTableTestTests;
			sourceTree = "<group>";
		};
		00AA765E1883D682006B7A86 /* Supporting Files */ = {
			isa = PBXGroup;
			children = (
				00AA765F1883D682006B7A86 /* DbTableTestTests-Info.plist */,
				00AA76601883D682006B7A86 /* InfoPlist.strings */,
			);
			name = "Supporting Files";
			sourceTree = "<group>";
		};
/* End PBXGroup section */

/* Begin PBXNativeTarget section */
		00AA76341883D682006B7A86 /* DbTableTest */ = {
			isa = PBXNativeTarget;
			buildConfigurationList = 00AA76671883D682006B7A86 /* Build configuration list for PBXNativeTarget "DbTableTest" */;
			buildPhases = (
				00AA76311883D682006B7A86 /* Sources */,
				00AA76321883D682006B7A86 /* Frameworks */,
				00AA76331883D682006B7A86 /* Resources */,
			);
			buildRules = (
			);
			dependencies = (
			);
			name = DbTableTest;
			productName = DbTableTest;
			productReference = 00AA76351883D682006B7A86 /* DbTableTest.app */;
			productType = "com.apple.product-type.application";
		};
		00AA76551883D682006B7A86 /* DbTableTestTests */ = {
			isa = PBXNativeTarget;
			buildConfigurationList = 00AA766A1883D682006B7A86 /* Build configuration list for PBXNativeTarget "DbTableTestTests" */;
			buildPhases = (
				00AA76521883D682006B7A86 /* Sources */,
				00AA76531883D682006B7A86 /* Frameworks */,
				00AA76541883D682006B7A86 /* Resources */,
			);
			buildRules = (
			);
			dependencies = (
				00AA765C1883D682006B7A86 /* PBXTargetDependency */,
			);
			name = DbTableTestTests;
			productName = DbTableTestTests;
			productReference = 00AA76561883D682006B7A86 /* DbTableTestTests.xctest */;
			productType = "com.apple.product-type.bundle.unit-test";
		};
/* End PBXNativeTarget section */

/* Begin PBXProject section */
		00AA762D1883D682006B7A86 /* Project object */ = {
			isa = PBXProject;
			attributes = {
				LastUpgradeCheck = 0500;
				ORGANIZATIONNAME = "SDT-1";
				TargetAttributes = {
					00AA76551883D682006B7A86 = {
						TestTargetID = 00AA76341883D682006B7A86;
					};
				};
			};
			buildConfigurationList = 00AA76301883D682006B7A86 /* Build configuration list for PBXProject "DbTableTest" */;
			compatibilityVersion = "Xcode 3.2";
			developmentRegion = English;
			hasScannedForEncodings = 0;
			knownRegions = (
				en,
				Base,
			);
			mainGroup = 00AA762C1883D682006B7A86;
			productRefGroup = 00AA76361883D682006B7A86 /* Products */;
			projectDirPath = "";
			projectRoot = "";
			targets = (
				00AA76341883D682006B7A86 /* DbTableTest */,
				00AA76551883D682006B7A86 /* DbTableTestTests */,
			);
		};
/* End PBXProject section */

/* Begin PBXResourcesBuildPhase section */
		00AA76331883D682006B7A86 /* Resources */ = {
			isa = PBXResourcesBuildPhase;
			buildActionMask = 2147483647;
			files = (
				00AA76511883D682006B7A86 /* Images.xcassets in Resources */,
				00AA76431883D682006B7A86 /* InfoPlist.strings in Resources */,
				00AA764C1883D682006B7A86 /* Main.storyboard in Resources */,
				00AA76731883E844006B7A86 /* db.sqlite in Resources */,
			);
			runOnlyForDeploymentPostprocessing = 0;
		};
		00AA76541883D682006B7A86 /* Resources */ = {
			isa = PBXResourcesBuildPhase;
			buildActionMask = 2147483647;
			files = (
				00AA76621883D682006B7A86 /* InfoPlist.strings in Resources */,
			);
			runOnlyForDeploymentPostprocessing = 0;
		};
/* End PBXResourcesBuildPhase section */

/* Begin PBXSourcesBuildPhase section */
		00AA76311883D682006B7A86 /* Sources */ = {
			isa = PBXSourcesBuildPhase;
			buildActionMask = 2147483647;
			files = (
				00AA764F1883D682006B7A86 /* ViewController.m in Sources */,
				00AA76491883D682006B7A86 /* AppDelegate.m in Sources */,
				00AA766F1883D6E6006B7A86 /* Movie.m in Sources */,
				00AA76451883D682006B7A86 /* main.m in Sources */,
			);
			runOnlyForDeploymentPostprocessing = 0;
		};
		00AA76521883D682006B7A86 /* Sources */ = {
			isa = PBXSourcesBuildPhase;
			buildActionMask = 2147483647;
			files = (
				00AA76641883D682006B7A86 /* DbTableTestTests.m in Sources */,
			);
			runOnlyForDeploymentPostprocessing = 0;
		};
/* End PBXSourcesBuildPhase section */

/* Begin PBXTargetDependency section */
		00AA765C1883D682006B7A86 /* PBXTargetDependency */ = {
			isa = PBXTargetDependency;
			target = 00AA76341883D682006B7A86 /* DbTableTest */;
			targetProxy = 00AA765B1883D682006B7A86 /* PBXContainerItemProxy */;
		};
/* End PBXTargetDependency section */

/* Begin PBXVariantGroup section */
		00AA76411883D682006B7A86 /* InfoPlist.strings */ = {
			isa = PBXVariantGroup;
			children = (
				00AA76421883D682006B7A86 /* en */,
			);
			name = InfoPlist.strings;
			sourceTree = "<group>";
		};
		00AA764A1883D682006B7A86 /* Main.storyboard */ = {
			isa = PBXVariantGroup;
			children = (
				00AA764B1883D682006B7A86 /* Base */,
			);
			name = Main.storyboard;
			sourceTree = "<group>";
		};
		00AA76601883D682006B7A86 /* InfoPlist.strings */ = {
			isa = PBXVariantGroup;
			children = (
				00AA76611883D682006B7A86 /* en */,
			);
			name = InfoPlist.strings;
			sourceTree = "<group>";
		};
/* End PBXVariantGroup section */

/* Begin XCBuildConfiguration section */
		00AA76651883D682006B7A86 /* Debug */ = {
			isa = XCBuildConfiguration;
			buildSettings = {
				ALWAYS_SEARCH_USER_PATHS = NO;
				ARCHS = "$(ARCHS_STANDARD_INCLUDING_64_BIT)";
				CLANG_CXX_LANGUAGE_STANDARD = "gnu++0x";
				CLANG_CXX_LIBRARY = "libc++";
				CLANG_ENABLE_MODULES = YES;
				CLANG_ENABLE_OBJC_ARC = YES;
				CLANG_WARN_BOOL_CONVERSION = YES;
				CLANG_WARN_CONSTANT_CONVERSION = YES;
				CLANG_WARN_DIRECT_OBJC_ISA_USAGE = YES_ERROR;
				CLANG_WARN_EMPTY_BODY = YES;
				CLANG_WARN_ENUM_CONVERSION = YES;
				CLANG_WARN_INT_CONVERSION = YES;
				CLANG_WARN_OBJC_ROOT_CLASS = YES_ERROR;
				CLANG_WARN__DUPLICATE_METHOD_MATCH = YES;
				"CODE_SIGN_IDENTITY[sdk=iphoneos*]" = "iPhone Developer";
				COPY_PHASE_STRIP = NO;
				GCC_C_LANGUAGE_STANDARD = gnu99;
				GCC_DYNAMIC_NO_PIC = NO;
				GCC_OPTIMIZATION_LEVEL = 0;
				GCC_PREPROCESSOR_DEFINITIONS = (
					"DEBUG=1",
					"$(inherited)",
				);
				GCC_SYMBOLS_PRIVATE_EXTERN = NO;
				GCC_WARN_64_TO_32_BIT_CONVERSION = YES;
				GCC_WARN_ABOUT_RETURN_TYPE = YES_ERROR;
				GCC_WARN_UNDECLARED_SELECTOR = YES;
				GCC_WARN_UNINITIALIZED_AUTOS = YES;
				GCC_WARN_UNUSED_FUNCTION = YES;
				GCC_WARN_UNUSED_VARIABLE = YES;
				IPHONEOS_DEPLOYMENT_TARGET = 7.0;
				ONLY_ACTIVE_ARCH = YES;
				SDKROOT = iphoneos;
			};
			name = Debug;
		};
		00AA76661883D682006B7A86 /* Release */ = {
			isa = XCBuildConfiguration;
			buildSettings = {
				ALWAYS_SEARCH_USER_PATHS = NO;
				ARCHS = "$(ARCHS_STANDARD_INCLUDING_64_BIT)";
				CLANG_CXX_LANGUAGE_STANDARD = "gnu++0x";
				CLANG_CXX_LIBRARY = "libc++";
				CLANG_ENABLE_MODULES = YES;
				CLANG_ENABLE_OBJC_ARC = YES;
				CLANG_WARN_BOOL_CONVERSION = YES;
				CLANG_WARN_CONSTANT_CONVERSION = YES;
				CLANG_WARN_DIRECT_OBJC_ISA_USAGE = YES_ERROR;
				CLANG_WARN_EMPTY_BODY = YES;
				CLANG_WARN_ENUM_CONVERSION = YES;
				CLANG_WARN_INT_CONVERSION = YES;
				CLANG_WARN_OBJC_ROOT_CLASS = YES_ERROR;
				CLANG_WARN__DUPLICATE_METHOD_MATCH = YES;
				"CODE_SIGN_IDENTITY[sdk=iphoneos*]" = "iPhone Developer";
				COPY_PHASE_STRIP = YES;
				ENABLE_NS_ASSERTIONS = NO;
				GCC_C_LANGUAGE_STANDARD = gnu99;
				GCC_WARN_64_TO_32_BIT_CONVERSION = YES;
				GCC_WARN_ABOUT_RETURN_TYPE = YES_ERROR;
				GCC_WARN_UNDECLARED_SELECTOR = YES;
				GCC_WARN_UNINITIALIZED_AUTOS = YES;
				GCC_WARN_UNUSED_FUNCTION = YES;
				GCC_WARN_UNUSED_VARIABLE = YES;
				IPHONEOS_DEPLOYMENT_TARGET = 7.0;
				SDKROOT = iphoneos;
				VALIDATE_PRODUCT = YES;
			};
			name = Release;
		};
		00AA76681883D682006B7A86 /* Debug */ = {
			isa = XCBuildConfiguration;
			buildSettings = {
				ASSETCATALOG_COMPILER_APPICON_NAME = AppIcon;
				ASSETCATALOG_COMPILER_LAUNCHIMAGE_NAME = LaunchImage;
				GCC_PRECOMPILE_PREFIX_HEADER = YES;
				GCC_PREFIX_HEADER = "DbTableTest/DbTableTest-Prefix.pch";
				INFOPLIST_FILE = "DbTableTest/DbTableTest-Info.plist";
				PRODUCT_NAME = "$(TARGET_NAME)";
				WRAPPER_EXTENSION = app;
			};
			name = Debug;
		};
		00AA76691883D682006B7A86 /* Release */ = {
			isa = XCBuildConfiguration;
			buildSettings = {
				ASSETCATALOG_COMPILER_APPICON_NAME = AppIcon;
				ASSETCATALOG_COMPILER_LAUNCHIMAGE_NAME = LaunchImage;
				GCC_PRECOMPILE_PREFIX_HEADER = YES;
				GCC_PREFIX_HEADER = "DbTableTest/DbTableTest-Prefix.pch";
				INFOPLIST_FILE = "DbTableTest/DbTableTest-Info.plist";
				PRODUCT_NAME = "$(TARGET_NAME)";
				WRAPPER_EXTENSION = app;
			};
			name = Release;
		};
		00AA766B1883D682006B7A86 /* Debug */ = {
			isa = XCBuildConfiguration;
			buildSettings = {
				ARCHS = "$(ARCHS_STANDARD_INCLUDING_64_BIT)";
				BUNDLE_LOADER = "$(BUILT_PRODUCTS_DIR)/DbTableTest.app/DbTableTest";
				FRAMEWORK_SEARCH_PATHS = (
					"$(SDKROOT)/Developer/Library/Frameworks",
					"$(inherited)",
					"$(DEVELOPER_FRAMEWORKS_DIR)",
				);
				GCC_PRECOMPILE_PREFIX_HEADER = YES;
				GCC_PREFIX_HEADER = "DbTableTest/DbTableTest-Prefix.pch";
				GCC_PREPROCESSOR_DEFINITIONS = (
					"DEBUG=1",
					"$(inherited)",
				);
				INFOPLIST_FILE = "DbTableTestTests/DbTableTestTests-Info.plist";
				PRODUCT_NAME = "$(TARGET_NAME)";
				TEST_HOST = "$(BUNDLE_LOADER)";
				WRAPPER_EXTENSION = xctest;
			};
			name = Debug;
		};
		00AA766C1883D682006B7A86 /* Release */ = {
			isa = XCBuildConfiguration;
			buildSettings = {
				ARCHS = "$(ARCHS_STANDARD_INCLUDING_64_BIT)";
				BUNDLE_LOADER = "$(BUILT_PRODUCTS_DIR)/DbTableTest.app/DbTableTest";
				FRAMEWORK_SEARCH_PATHS = (
					"$(SDKROOT)/Developer/Library/Frameworks",
					"$(inherited)",
					"$(DEVELOPER_FRAMEWORKS_DIR)",
				);
				GCC_PRECOMPILE_PREFIX_HEADER = YES;
				GCC_PREFIX_HEADER = "DbTableTest/DbTableTest-Prefix.pch";
				INFOPLIST_FILE = "DbTableTestTests/DbTableTestTests-Info.plist";
				PRODUCT_NAME = "$(TARGET_NAME)";
				TEST_HOST = "$(BUNDLE_LOADER)";
				WRAPPER_EXTENSION = xctest;
			};
			name = Release;
		};
/* End XCBuildConfiguration section */

/* Begin XCConfigurationList section */
		00AA76301883D682006B7A86 /* Build configuration list for PBXProject "DbTableTest" */ = {
			isa = XCConfigurationList;
			buildConfigurations = (
				00AA76651883D682006B7A86 /* Debug */,
				00AA76661883D682006B7A86 /* Release */,
			);
			defaultConfigurationIsVisible = 0;
			defaultConfigurationName = Release;
		};
		00AA76671883D682006B7A86 /* Build configuration list for PBXNativeTarget "DbTableTest" */ = {
			isa = XCConfigurationList;
			buildConfigurations = (
				00AA76681883D682006B7A86 /* Debug */,
				00AA76691883D682006B7A86 /* Release */,
			);
			defaultConfigurationIsVisible = 0;
		};
		00AA766A1883D682006B7A86 /* Build configuration list for PBXNativeTarget "DbTableTestTests" */ = {
			isa = XCConfigurationList;
			buildConfigurations = (
				00AA766B1883D682006B7A86 /* Debug */,
				00AA766C1883D682006B7A86 /* Release */,
			);
			defaultConfigurationIsVisible = 0;
		};
/* End XCConfigurationList section */
	};
	rootObject = 00AA762D1883D682006B7A86 /* Project object */;
}
